
Microsoft Visual Studio Solution File, Format Version 12.00
# Visual Studio Version 17
VisualStudioVersion = 17.11.35327.3
MinimumVisualStudioVersion = 10.0.40219.1
Project("{FAE04EC0-301F-11D3-BF4B-00C04F79EFBC}") = "TelescopeShop", "TelescopeShop.csproj", "{12338B47-1B65-4906-B61E-3E668705C4CA}"
EndProject
Global
	GlobalSection(SolutionConfigurationPlatforms) = preSolution
		Debug|Any CPU = Debug|Any CPU
		Release|Any CPU = Release|Any CPU
	EndGlobalSection
	GlobalSection(ProjectConfigurationPlatforms) = postSolution
		{12338B47-1B65-4906-B61E-3E668705C4CA}.Debug|Any CPU.ActiveCfg = Debug|Any CPU
		{12338B47-1B65-4906-B61E-3E668705C4CA}.Debug|Any CPU.Build.0 = Debug|Any CPU
		{12338B47-1B65-4906-B61E-3E668705C4CA}.Release|Any CPU.ActiveCfg = Release|Any CPU
		{12338B47-1B65-4906-B61E-3E668705C4CA}.Release|Any CPU.Build.0 = Release|Any CPU
	EndGlobalSection
	GlobalSection(SolutionProperties) = preSolution
		HideSolutionNode = FALSE
	EndGlobalSection
	GlobalSection(ExtensibilityGlobals) = postSolution
		SolutionGuid = {39F088F4-357D-454C-A8B3-329E0D472578}
	EndGlobalSection
EndGlobal
